
Microsoft Visual Studio Solution File, Format Version 10.00
# Visual Studio 2008
Project("{FAE04EC0-301F-11D3-BF4B-00C04F79EFBC}") = "BC_GIFT(NEW)", "..\BC_GIFT(NEW)\BC_GIFT(NEW).csproj", "{93B2FFF3-B41E-4182-A09E-DCDD45DDCB56}"
EndProject
Project("{FAE04EC0-301F-11D3-BF4B-00C04F79EFBC}") = "TOTAL", "TOTAL.csproj", "{6349DC45-5A7B-443F-8323-45D8D7157E40}"
EndProject
Project("{FAE04EC0-301F-11D3-BF4B-00C04F79EFBC}") = "BC_BANSONG", "..\BC_BANSONG\BC_BANSONG.csproj", "{65B852B1-28D0-47CA-B42C-DB5A9734A501}"
EndProject
Project("{FAE04EC0-301F-11D3-BF4B-00C04F79EFBC}") = "BC_GIFT", "..\BC_GIFT\BC_GIFT.csproj", "{CD3AF913-B2B2-4E36-8DD5-6E6C4FAB0E80}"
EndProject
Project("{FAE04EC0-301F-11D3-BF4B-00C04F79EFBC}") = "bc_gift_inter", "..\bc_gift_inter\bc_gift_inter.csproj", "{763B74DA-B8F9-45E7-843F-D63D142B8D0C}"
EndProject
Project("{FAE04EC0-301F-11D3-BF4B-00C04F79EFBC}") = "002_국민_지점", "..\KB_BANSONG\002_국민_지점.csproj", "{C24B1E3A-CB55-4078-AB14-707F29ABB4DC}"
EndProject
Project("{FAE04EC0-301F-11D3-BF4B-00C04F79EFBC}") = "KB_AM_EMER_CONVERT", "..\KB_D_CONVERT\KB_AM_EMER_CONVERT.csproj", "{D9AD7636-56CB-4AC2-8DE7-13CCE0772425}"
EndProject
Project("{FAE04EC0-301F-11D3-BF4B-00C04F79EFBC}") = "KB_D_CONVERT_TEST", "..\KB_D_CONVERT_TEST\KB_D_CONVERT_TEST.csproj", "{9216C16B-423F-41E7-AD4A-AE24CF2C53D5}"
EndProject
Project("{FAE04EC0-301F-11D3-BF4B-00C04F79EFBC}") = "NH_CONVERT", "..\NH_CONVERT\NH_CONVERT.csproj", "{F677F4D6-013D-42C7-B1A4-109320DF1CC7}"
EndProject
Project("{FAE04EC0-301F-11D3-BF4B-00C04F79EFBC}") = "004_삼성_동_CONVERT", "..\SM_D_CONVERT\004_삼성_동_CONVERT.csproj", "{D6040651-1C87-45B5-AEE7-0073088CF55D}"
EndProject
Project("{FAE04EC0-301F-11D3-BF4B-00C04F79EFBC}") = "172GS", "..\172GS\172GS.csproj", "{33BAA3ED-CB91-4514-8B69-0AA42DEEB602}"
EndProject
Project("{FAE04EC0-301F-11D3-BF4B-00C04F79EFBC}") = "129NH_Re_Ban", "..\129NH_Re_Ban\129NH_Re_Ban.csproj", "{8E8F9858-4873-4B81-971D-901AF40233F2}"
EndProject
Project("{FAE04EC0-301F-11D3-BF4B-00C04F79EFBC}") = "002_국민지점_CONVERT", "..\KB_BAN_CONVERT\002_국민지점_CONVERT.csproj", "{944CC81C-484B-4EEF-9D78-61A066CC80CF}"
EndProject
Project("{FAE04EC0-301F-11D3-BF4B-00C04F79EFBC}") = "SM_D_CONVERT_TEST", "..\SM_D_CONVERT_TEST\SM_D_CONVERT_TEST.csproj", "{7DB5D07F-6749-4504-B256-CF1324A7B1F4}"
EndProject
Project("{FAE04EC0-301F-11D3-BF4B-00C04F79EFBC}") = "NPI_DOWN", "..\NPI_Down\NPI_DOWN.csproj", "{51EC7C1C-2F17-4B9F-B250-20CFC4054607}"
EndProject
Project("{FAE04EC0-301F-11D3-BF4B-00C04F79EFBC}") = "Day_Close_Down", "..\Day_Close_Down\Day_Close_Down.csproj", "{3D71C8A8-1E26-4B1B-9F97-A9C33B0689C9}"
EndProject
Project("{FAE04EC0-301F-11D3-BF4B-00C04F79EFBC}") = "BC_CONVERT_RESEND", "..\BC_CONVERT_RESEND\BC_CONVERT_RESEND.csproj", "{13B499FC-C325-4DF3-9FBB-06A56781F1E0}"
EndProject
Project("{FAE04EC0-301F-11D3-BF4B-00C04F79EFBC}") = "BC_GIFT_Member", "..\BC_GIFT_Member\BC_GIFT_Member.csproj", "{7206B81E-CF8C-437A-9219-C3DBD903EF9E}"
EndProject
Project("{FAE04EC0-301F-11D3-BF4B-00C04F79EFBC}") = "AM_LOTTE_D_CONVERT", "..\AM_LOTTE_D_CONVERT\AM_LOTTE_D_CONVERT.csproj", "{C2F43C9D-0E32-44FB-B5B0-C95B8770155F}"
EndProject
Project("{FAE04EC0-301F-11D3-BF4B-00C04F79EFBC}") = "PM_LOTTE_D_CONVERT", "..\PM_LOTTE_D_CONVERT\PM_LOTTE_D_CONVERT.csproj", "{3AE25223-B208-4A68-8C7C-808CCE44324D}"
EndProject
Project("{FAE04EC0-301F-11D3-BF4B-00C04F79EFBC}") = "BC_CONVERT", "..\BC_CONVERT\BC_CONVERT.csproj", "{C09CF392-3FC9-4FE9-B232-0426766B724D}"
EndProject
Project("{FAE04EC0-301F-11D3-BF4B-00C04F79EFBC}") = "001_BC", "..\001BC\001_BC.csproj", "{5449966E-D337-42C0-9757-3A5A2EC22F5D}"
EndProject
Project("{FAE04EC0-301F-11D3-BF4B-00C04F79EFBC}") = "002_국민", "..\002_국민\002_국민.csproj", "{3F6E1F09-6A15-4EE8-8D46-43D7EBC70E50}"
EndProject
Project("{FAE04EC0-301F-11D3-BF4B-00C04F79EFBC}") = "003_신한", "..\003_신한\003_신한.csproj", "{FDDCE9F4-60DB-4EB9-AC95-DD0B65861997}"
EndProject
Project("{FAE04EC0-301F-11D3-BF4B-00C04F79EFBC}") = "004_삼성", "..\004_삼성\004_삼성.csproj", "{7C9CC71D-E6AA-45AB-96ED-A22CCE8EB0DB}"
EndProject
Project("{FAE04EC0-301F-11D3-BF4B-00C04F79EFBC}") = "058_현대", "..\058_현대\058_현대.csproj", "{C5753F09-142B-4CAF-BA6A-7E965100817C}"
EndProject
Project("{FAE04EC0-301F-11D3-BF4B-00C04F79EFBC}") = "090_농협", "..\090_농협\090_농협.csproj", "{790C993B-D060-43AB-AD1D-DA60600E7832}"
EndProject
Project("{FAE04EC0-301F-11D3-BF4B-00C04F79EFBC}") = "001_BC_마감", "..\001BC_마감\001_BC_마감.csproj", "{49BB3C68-6428-46D8-A525-A13F4B74AE80}"
EndProject
Project("{FAE04EC0-301F-11D3-BF4B-00C04F79EFBC}") = "086_롯데_test", "..\086_롯데_test\086_롯데_test.csproj", "{C28C8001-0DD5-4848-8C53-289F015808BD}"
EndProject
Project("{FAE04EC0-301F-11D3-BF4B-00C04F79EFBC}") = "001_BC_TEST", "..\001BC_TEST\001_BC_TEST.csproj", "{204697CF-C925-4515-B149-80FEE014F6E4}"
EndProject
Project("{FAE04EC0-301F-11D3-BF4B-00C04F79EFBC}") = "058_현대_test", "..\058_현대_test\058_현대_test.csproj", "{6F0DD331-27A5-4977-8497-2D5476B10A9A}"
EndProject
Project("{FAE04EC0-301F-11D3-BF4B-00C04F79EFBC}") = "002_국민_TEST", "..\002_국민_TEST\002_국민_TEST.csproj", "{8E47C94A-0E63-4E51-A88E-C3FE6AD244C2}"
EndProject
Project("{FAE04EC0-301F-11D3-BF4B-00C04F79EFBC}") = "003_신한_TEST", "..\003_신한_TEST\003_신한_TEST.csproj", "{123E1807-FFFD-4B00-9854-B041A4802383}"
EndProject
Project("{FAE04EC0-301F-11D3-BF4B-00C04F79EFBC}") = "002_국민_CONVERT", "..\KB_AM_EMER_CONVERT\002_국민_CONVERT.csproj", "{AC58AB63-54E9-49C6-B975-7A37DD0FDAC5}"
EndProject
Project("{FAE04EC0-301F-11D3-BF4B-00C04F79EFBC}") = "058_현대_Online", "..\058_현대_Online\058_현대_Online.csproj", "{891EA843-45A8-4721-ADCE-FC66C1C7E233}"
EndProject
Project("{FAE04EC0-301F-11D3-BF4B-00C04F79EFBC}") = "105_INTERPARK", "..\105_INTERPARK\105_INTERPARK.csproj", "{1AD3EB3C-ADA0-4356-B00A-5E69FF1B9847}"
EndProject
Project("{FAE04EC0-301F-11D3-BF4B-00C04F79EFBC}") = "147BS랜탈", "..\147BS랜탈\147BS랜탈.csproj", "{A0143A82-F4AC-445C-BE31-C814E30E5B8A}"
EndProject
Project("{FAE04EC0-301F-11D3-BF4B-00C04F79EFBC}") = "003_신한_EMER", "..\003_신한_EMER\003_신한_EMER.csproj", "{18F5D98C-CAF9-4B84-9D9B-3D78DD7302AD}"
EndProject
Project("{FAE04EC0-301F-11D3-BF4B-00C04F79EFBC}") = "003_신한_GIFT", "..\003_신한_GIFT\003_신한_GIFT.csproj", "{76BFDB16-D4D5-4427-BF29-3249EDA2C3D5}"
EndProject
Project("{FAE04EC0-301F-11D3-BF4B-00C04F79EFBC}") = "003_신한_동의_CONVERT", "..\003_신한_동의_CONVERT\003_신한_동의_CONVERT.csproj", "{9933FBAA-A261-4909-8543-54E876112B4A}"
EndProject
Project("{FAE04EC0-301F-11D3-BF4B-00C04F79EFBC}") = "003_신한_인수_data", "..\003_신한_인수_data\003_신한_인수_data.csproj", "{256C85DB-172E-4F4B-8987-71591DC2BC48}"
EndProject
Project("{FAE04EC0-301F-11D3-BF4B-00C04F79EFBC}") = "003_신한_일반_CONERT", "..\003_신한_일반_CONERT\003_신한_일반_CONERT.csproj", "{20A85B31-5AB9-4486-9589-8991C2E184C4}"
EndProject
Project("{FAE04EC0-301F-11D3-BF4B-00C04F79EFBC}") = "147BS렌탈_CONVERT", "..\147BS렌탈_CONVERT\147BS렌탈_CONVERT.csproj", "{2484B8DE-6718-4857-83B6-2BE719EECDB3}"
EndProject
Project("{FAE04EC0-301F-11D3-BF4B-00C04F79EFBC}") = "005_하나SK", "..\005_하나SK\005_하나SK.csproj", "{D8E17FE8-F2E9-4938-993C-107760AB04AB}"
EndProject
Project("{FAE04EC0-301F-11D3-BF4B-00C04F79EFBC}") = "059_현대캐피탈_CONVERT", "..\059_현대캐피탈_CONVERT\059_현대캐피탈_CONVERT.csproj", "{C4ED3A31-7CEC-4E99-862F-4144402A4C29}"
EndProject
Project("{FAE04EC0-301F-11D3-BF4B-00C04F79EFBC}") = "059_현대캐피탈_일반", "..\059_현대캐피탈_일반\059_현대캐피탈_일반.csproj", "{5549C666-47C6-4D09-9EF0-789552CCE9CF}"
EndProject
Project("{FAE04EC0-301F-11D3-BF4B-00C04F79EFBC}") = "059_현대캐피탈_동의서", "..\059_현대캐피탈_동의서\059_현대캐피탈_동의서.csproj", "{FDBF77D2-9E21-4A7F-908E-11CA56DF1F48}"
EndProject
Project("{FAE04EC0-301F-11D3-BF4B-00C04F79EFBC}") = "058_현대_CONVERT", "..\058_현대_CONVERT\058_현대_CONVERT.csproj", "{521774EA-56E6-45CE-8B5D-866FFA8724C7}"
EndProject
Project("{FAE04EC0-301F-11D3-BF4B-00C04F79EFBC}") = "178_NH투자증권", "..\178_NH투자증권\178_NH투자증권.csproj", "{76171670-92AD-40DC-BE4D-22582F50ACB3}"
EndProject
Project("{FAE04EC0-301F-11D3-BF4B-00C04F79EFBC}") = "178_NH투자증권CONVERT", "..\178_NH투자증권CONVERT\178_NH투자증권CONVERT.csproj", "{7615E8D3-C4B2-4A15-8265-FAB411137C30}"
EndProject
Project("{FAE04EC0-301F-11D3-BF4B-00C04F79EFBC}") = "005_하나_EMER", "..\005_하나_EMER\005_하나_EMER.csproj", "{6376ABA1-2020-43FF-AD77-81CEE094DF35}"
EndProject
Project("{FAE04EC0-301F-11D3-BF4B-00C04F79EFBC}") = "004_삼성_일반_CONVERT", "..\004_삼성_일반_CONVERT\004_삼성_일반_CONVERT.csproj", "{54CB8F75-A17E-4CEA-B3E7-9CD1160AE234}"
EndProject
Project("{FAE04EC0-301F-11D3-BF4B-00C04F79EFBC}") = "001_BC_BAN", "..\001BC_BAN\001_BC_BAN.csproj", "{1964CDF2-E83F-4B26-BB1D-74D8248F7248}"
EndProject
Project("{FAE04EC0-301F-11D3-BF4B-00C04F79EFBC}") = "003_신한_긴급_CONERT", "..\003_신한_긴급_CONERT\003_신한_긴급_CONERT.csproj", "{1C1A9FB9-FE84-4C6E-BEA2-F5A7E800F445}"
EndProject
Project("{FAE04EC0-301F-11D3-BF4B-00C04F79EFBC}") = "151_TPLUS", "..\151_TPLUS\151_TPLUS.csproj", "{65D426F6-E0B4-4464-8735-05E5FED91CFC}"
EndProject
Project("{FAE04EC0-301F-11D3-BF4B-00C04F79EFBC}") = "007_카카오뱅크", "..\007_카카오뱅크\007_카카오뱅크.csproj", "{66B28C8D-3BBB-4182-A225-E6EEED33DF16}"
EndProject
Project("{FAE04EC0-301F-11D3-BF4B-00C04F79EFBC}") = "007_카카오뱅크_CONVERT", "..\007_카카오뱅크_CONVERT\007_카카오뱅크_CONVERT.csproj", "{0B47CAC3-8F94-4D67-9442-B73A39DA8742}"
EndProject
Project("{FAE04EC0-301F-11D3-BF4B-00C04F79EFBC}") = "090_농협_TEST", "..\090_농협_TEST\090_농협_TEST.csproj", "{0A8E917C-6C82-4AAA-8608-BC60BA26E393}"
EndProject
Project("{FAE04EC0-301F-11D3-BF4B-00C04F79EFBC}") = "086_롯데", "..\086_롯데\086_롯데.csproj", "{AE119691-3893-4C9F-B636-8D4169618EE7}"
EndProject
Project("{FAE04EC0-301F-11D3-BF4B-00C04F79EFBC}") = "001_BC_GS", "..\001BC_GS\001_BC_GS.csproj", "{0DF05E30-7403-42B6-B3B2-03614CA34630}"
EndProject
Project("{FAE04EC0-301F-11D3-BF4B-00C04F79EFBC}") = "001_BC_BAN_OLD", "..\001BC_BAN_OLD\001_BC_BAN_OLD.csproj", "{17A53B9A-1358-474C-B25F-5F4FBE628F29}"
EndProject
Project("{FAE04EC0-301F-11D3-BF4B-00C04F79EFBC}") = "090_농협_CONVERT", "..\090_농협_CONVERT\090_농협_CONVERT.csproj", "{05B37084-0F57-4143-A2DB-3FFCCA966096}"
EndProject
Project("{FAE04EC0-301F-11D3-BF4B-00C04F79EFBC}") = "090_농협_반송", "..\090_농협_반송_TEST\090_농협_반송.csproj", "{C1B5222A-0783-4E7C-AC36-DC4FD9A289F7}"
EndProject
Project("{FAE04EC0-301F-11D3-BF4B-00C04F79EFBC}") = "003_신한_이미지", "..\003_신한_이미지\003_신한_이미지.csproj", "{C80D00E7-E818-49EF-9607-C1D3FC5836A7}"
EndProject
Project("{FAE04EC0-301F-11D3-BF4B-00C04F79EFBC}") = "BC_CONVERT_SUNGHO", "..\BC_CONVERT_SUNGHO\BC_CONVERT_SUNGHO.csproj", "{8AB8418E-BD01-46F9-885F-6DF5373E147B}"
EndProject
Project("{FAE04EC0-301F-11D3-BF4B-00C04F79EFBC}") = "BC_CONVERT_SUNGHO_RESEND", "..\BC_CONVERT_SUNGHO_RESEND\BC_CONVERT_SUNGHO_RESEND.csproj", "{24EDEB7E-752A-4D02-8C3C-476A35EA87F6}"
EndProject
Project("{FAE04EC0-301F-11D3-BF4B-00C04F79EFBC}") = "003_우체국_신한", "..\003_우체국_신한\003_우체국_신한.csproj", "{8BB98A83-61F3-4FA2-84E9-EA0F3B469EDE}"
EndProject
Project("{FAE04EC0-301F-11D3-BF4B-00C04F79EFBC}") = "003_우체국_신한_동의_CONVERT", "..\003_우체국_신한_동의_CONVERT\003_우체국_신한_동의_CONVERT.csproj", "{75F5199E-6508-422C-AD59-8069F4FBD03F}"
EndProject
Project("{FAE04EC0-301F-11D3-BF4B-00C04F79EFBC}") = "058_현대_와인", "..\058_현대_와인\058_현대_와인.csproj", "{8788D73A-0422-49CD-82E7-B5FD1282E3D8}"
EndProject
Project("{FAE04EC0-301F-11D3-BF4B-00C04F79EFBC}") = "NPI_우체국_DOWN", "..\NPI_우체국_Down\NPI_우체국_DOWN.csproj", "{27145E39-3721-4167-8450-121FABF99ED9}"
EndProject
Project("{FAE04EC0-301F-11D3-BF4B-00C04F79EFBC}") = "005_하나_CONVERT", "..\005_하나_CONVERT\005_하나_CONVERT.csproj", "{78598840-5D77-4A0C-91C0-E11B225A6238}"
EndProject
Project("{FAE04EC0-301F-11D3-BF4B-00C04F79EFBC}") = "005_우체국_하나_CONVERT", "..\005_우체국_하나_CONVERT\005_우체국_하나_CONVERT.csproj", "{1A6853F7-8499-495B-BDF3-6C22A8BB85DF}"
EndProject
Project("{FAE04EC0-301F-11D3-BF4B-00C04F79EFBC}") = "005_우체국_하나", "..\005_우체국_하나\005_우체국_하나.csproj", "{A90156FB-3652-43AD-BC46-8EF7A771553E}"
EndProject
Global
	GlobalSection(SolutionConfigurationPlatforms) = preSolution
		Debug|Any CPU = Debug|Any CPU
		Debug|x86 = Debug|x86
		Release|Any CPU = Release|Any CPU
		Release|x86 = Release|x86
	EndGlobalSection
	GlobalSection(ProjectConfigurationPlatforms) = postSolution
		{93B2FFF3-B41E-4182-A09E-DCDD45DDCB56}.Debug|Any CPU.ActiveCfg = Debug|Any CPU
		{93B2FFF3-B41E-4182-A09E-DCDD45DDCB56}.Debug|Any CPU.Build.0 = Debug|Any CPU
		{93B2FFF3-B41E-4182-A09E-DCDD45DDCB56}.Debug|x86.ActiveCfg = Debug|x86
		{93B2FFF3-B41E-4182-A09E-DCDD45DDCB56}.Debug|x86.Build.0 = Debug|x86
		{93B2FFF3-B41E-4182-A09E-DCDD45DDCB56}.Release|Any CPU.ActiveCfg = Release|Any CPU
		{93B2FFF3-B41E-4182-A09E-DCDD45DDCB56}.Release|Any CPU.Build.0 = Release|Any CPU
		{93B2FFF3-B41E-4182-A09E-DCDD45DDCB56}.Release|x86.ActiveCfg = Release|x86
		{93B2FFF3-B41E-4182-A09E-DCDD45DDCB56}.Release|x86.Build.0 = Release|x86
		{6349DC45-5A7B-443F-8323-45D8D7157E40}.Debug|Any CPU.ActiveCfg = Debug|Any CPU
		{6349DC45-5A7B-443F-8323-45D8D7157E40}.Debug|Any CPU.Build.0 = Debug|Any CPU
		{6349DC45-5A7B-443F-8323-45D8D7157E40}.Debug|x86.ActiveCfg = Debug|x86
		{6349DC45-5A7B-443F-8323-45D8D7157E40}.Debug|x86.Build.0 = Debug|x86
		{6349DC45-5A7B-443F-8323-45D8D7157E40}.Release|Any CPU.ActiveCfg = Release|Any CPU
		{6349DC45-5A7B-443F-8323-45D8D7157E40}.Release|Any CPU.Build.0 = Release|Any CPU
		{6349DC45-5A7B-443F-8323-45D8D7157E40}.Release|x86.ActiveCfg = Release|x86
		{6349DC45-5A7B-443F-8323-45D8D7157E40}.Release|x86.Build.0 = Release|x86
		{65B852B1-28D0-47CA-B42C-DB5A9734A501}.Debug|Any CPU.ActiveCfg = Debug|Any CPU
		{65B852B1-28D0-47CA-B42C-DB5A9734A501}.Debug|Any CPU.Build.0 = Debug|Any CPU
		{65B852B1-28D0-47CA-B42C-DB5A9734A501}.Debug|x86.ActiveCfg = Debug|x86
		{65B852B1-28D0-47CA-B42C-DB5A9734A501}.Debug|x86.Build.0 = Debug|x86
		{65B852B1-28D0-47CA-B42C-DB5A9734A501}.Release|Any CPU.ActiveCfg = Release|Any CPU
		{65B852B1-28D0-47CA-B42C-DB5A9734A501}.Release|Any CPU.Build.0 = Release|Any CPU
		{65B852B1-28D0-47CA-B42C-DB5A9734A501}.Release|x86.ActiveCfg = Release|x86
		{65B852B1-28D0-47CA-B42C-DB5A9734A501}.Release|x86.Build.0 = Release|x86
		{CD3AF913-B2B2-4E36-8DD5-6E6C4FAB0E80}.Debug|Any CPU.ActiveCfg = Debug|Any CPU
		{CD3AF913-B2B2-4E36-8DD5-6E6C4FAB0E80}.Debug|Any CPU.Build.0 = Debug|Any CPU
		{CD3AF913-B2B2-4E36-8DD5-6E6C4FAB0E80}.Debug|x86.ActiveCfg = Debug|Any CPU
		{CD3AF913-B2B2-4E36-8DD5-6E6C4FAB0E80}.Release|Any CPU.ActiveCfg = Release|Any CPU
		{CD3AF913-B2B2-4E36-8DD5-6E6C4FAB0E80}.Release|Any CPU.Build.0 = Release|Any CPU
		{CD3AF913-B2B2-4E36-8DD5-6E6C4FAB0E80}.Release|x86.ActiveCfg = Release|x86
		{CD3AF913-B2B2-4E36-8DD5-6E6C4FAB0E80}.Release|x86.Build.0 = Release|x86
		{763B74DA-B8F9-45E7-843F-D63D142B8D0C}.Debug|Any CPU.ActiveCfg = Debug|Any CPU
		{763B74DA-B8F9-45E7-843F-D63D142B8D0C}.Debug|Any CPU.Build.0 = Debug|Any CPU
		{763B74DA-B8F9-45E7-843F-D63D142B8D0C}.Debug|x86.ActiveCfg = Debug|Any CPU
		{763B74DA-B8F9-45E7-843F-D63D142B8D0C}.Release|Any CPU.ActiveCfg = Release|Any CPU
		{763B74DA-B8F9-45E7-843F-D63D142B8D0C}.Release|Any CPU.Build.0 = Release|Any CPU
		{763B74DA-B8F9-45E7-843F-D63D142B8D0C}.Release|x86.ActiveCfg = Release|x86
		{763B74DA-B8F9-45E7-843F-D63D142B8D0C}.Release|x86.Build.0 = Release|x86
		{C24B1E3A-CB55-4078-AB14-707F29ABB4DC}.Debug|Any CPU.ActiveCfg = Debug|Any CPU
		{C24B1E3A-CB55-4078-AB14-707F29ABB4DC}.Debug|Any CPU.Build.0 = Debug|Any CPU
		{C24B1E3A-CB55-4078-AB14-707F29ABB4DC}.Debug|x86.ActiveCfg = Debug|x86
		{C24B1E3A-CB55-4078-AB14-707F29ABB4DC}.Debug|x86.Build.0 = Debug|x86
		{C24B1E3A-CB55-4078-AB14-707F29ABB4DC}.Release|Any CPU.ActiveCfg = Release|Any CPU
		{C24B1E3A-CB55-4078-AB14-707F29ABB4DC}.Release|Any CPU.Build.0 = Release|Any CPU
		{C24B1E3A-CB55-4078-AB14-707F29ABB4DC}.Release|x86.ActiveCfg = Release|x86
		{C24B1E3A-CB55-4078-AB14-707F29ABB4DC}.Release|x86.Build.0 = Release|x86
		{D9AD7636-56CB-4AC2-8DE7-13CCE0772425}.Debug|Any CPU.ActiveCfg = Debug|Any CPU
		{D9AD7636-56CB-4AC2-8DE7-13CCE0772425}.Debug|Any CPU.Build.0 = Debug|Any CPU
		{D9AD7636-56CB-4AC2-8DE7-13CCE0772425}.Debug|x86.ActiveCfg = Debug|x86
		{D9AD7636-56CB-4AC2-8DE7-13CCE0772425}.Debug|x86.Build.0 = Debug|x86
		{D9AD7636-56CB-4AC2-8DE7-13CCE0772425}.Release|Any CPU.ActiveCfg = Release|Any CPU
		{D9AD7636-56CB-4AC2-8DE7-13CCE0772425}.Release|Any CPU.Build.0 = Release|Any CPU
		{D9AD7636-56CB-4AC2-8DE7-13CCE0772425}.Release|x86.ActiveCfg = Release|x86
		{D9AD7636-56CB-4AC2-8DE7-13CCE0772425}.Release|x86.Build.0 = Release|x86
		{9216C16B-423F-41E7-AD4A-AE24CF2C53D5}.Debug|Any CPU.ActiveCfg = Debug|Any CPU
		{9216C16B-423F-41E7-AD4A-AE24CF2C53D5}.Debug|Any CPU.Build.0 = Debug|Any CPU
		{9216C16B-423F-41E7-AD4A-AE24CF2C53D5}.Debug|x86.ActiveCfg = Debug|x86
		{9216C16B-423F-41E7-AD4A-AE24CF2C53D5}.Debug|x86.Build.0 = Debug|x86
		{9216C16B-423F-41E7-AD4A-AE24CF2C53D5}.Release|Any CPU.ActiveCfg = Release|Any CPU
		{9216C16B-423F-41E7-AD4A-AE24CF2C53D5}.Release|Any CPU.Build.0 = Release|Any CPU
		{9216C16B-423F-41E7-AD4A-AE24CF2C53D5}.Release|x86.ActiveCfg = Release|x86
		{9216C16B-423F-41E7-AD4A-AE24CF2C53D5}.Release|x86.Build.0 = Release|x86
		{F677F4D6-013D-42C7-B1A4-109320DF1CC7}.Debug|Any CPU.ActiveCfg = Debug|Any CPU
		{F677F4D6-013D-42C7-B1A4-109320DF1CC7}.Debug|Any CPU.Build.0 = Debug|Any CPU
		{F677F4D6-013D-42C7-B1A4-109320DF1CC7}.Debug|x86.ActiveCfg = Debug|x86
		{F677F4D6-013D-42C7-B1A4-109320DF1CC7}.Debug|x86.Build.0 = Debug|x86
		{F677F4D6-013D-42C7-B1A4-109320DF1CC7}.Release|Any CPU.ActiveCfg = Release|Any CPU
		{F677F4D6-013D-42C7-B1A4-109320DF1CC7}.Release|Any CPU.Build.0 = Release|Any CPU
		{F677F4D6-013D-42C7-B1A4-109320DF1CC7}.Release|x86.ActiveCfg = Release|x86
		{F677F4D6-013D-42C7-B1A4-109320DF1CC7}.Release|x86.Build.0 = Release|x86
		{D6040651-1C87-45B5-AEE7-0073088CF55D}.Debug|Any CPU.ActiveCfg = Debug|Any CPU
		{D6040651-1C87-45B5-AEE7-0073088CF55D}.Debug|Any CPU.Build.0 = Debug|Any CPU
		{D6040651-1C87-45B5-AEE7-0073088CF55D}.Debug|x86.ActiveCfg = Debug|x86
		{D6040651-1C87-45B5-AEE7-0073088CF55D}.Debug|x86.Build.0 = Debug|x86
		{D6040651-1C87-45B5-AEE7-0073088CF55D}.Release|Any CPU.ActiveCfg = Release|Any CPU
		{D6040651-1C87-45B5-AEE7-0073088CF55D}.Release|Any CPU.Build.0 = Release|Any CPU
		{D6040651-1C87-45B5-AEE7-0073088CF55D}.Release|x86.ActiveCfg = Release|x86
		{D6040651-1C87-45B5-AEE7-0073088CF55D}.Release|x86.Build.0 = Release|x86
		{33BAA3ED-CB91-4514-8B69-0AA42DEEB602}.Debug|Any CPU.ActiveCfg = Debug|Any CPU
		{33BAA3ED-CB91-4514-8B69-0AA42DEEB602}.Debug|Any CPU.Build.0 = Debug|Any CPU
		{33BAA3ED-CB91-4514-8B69-0AA42DEEB602}.Debug|x86.ActiveCfg = Debug|x86
		{33BAA3ED-CB91-4514-8B69-0AA42DEEB602}.Debug|x86.Build.0 = Debug|x86
		{33BAA3ED-CB91-4514-8B69-0AA42DEEB602}.Release|Any CPU.ActiveCfg = Release|Any CPU
		{33BAA3ED-CB91-4514-8B69-0AA42DEEB602}.Release|Any CPU.Build.0 = Release|Any CPU
		{33BAA3ED-CB91-4514-8B69-0AA42DEEB602}.Release|x86.ActiveCfg = Release|x86
		{33BAA3ED-CB91-4514-8B69-0AA42DEEB602}.Release|x86.Build.0 = Release|x86
		{8E8F9858-4873-4B81-971D-901AF40233F2}.Debug|Any CPU.ActiveCfg = Debug|Any CPU
		{8E8F9858-4873-4B81-971D-901AF40233F2}.Debug|Any CPU.Build.0 = Debug|Any CPU
		{8E8F9858-4873-4B81-971D-901AF40233F2}.Debug|x86.ActiveCfg = Debug|x86
		{8E8F9858-4873-4B81-971D-901AF40233F2}.Debug|x86.Build.0 = Debug|x86
		{8E8F9858-4873-4B81-971D-901AF40233F2}.Release|Any CPU.ActiveCfg = Release|Any CPU
		{8E8F9858-4873-4B81-971D-901AF40233F2}.Release|Any CPU.Build.0 = Release|Any CPU
		{8E8F9858-4873-4B81-971D-901AF40233F2}.Release|x86.ActiveCfg = Release|x86
		{8E8F9858-4873-4B81-971D-901AF40233F2}.Release|x86.Build.0 = Release|x86
		{944CC81C-484B-4EEF-9D78-61A066CC80CF}.Debug|Any CPU.ActiveCfg = Debug|Any CPU
		{944CC81C-484B-4EEF-9D78-61A066CC80CF}.Debug|Any CPU.Build.0 = Debug|Any CPU
		{944CC81C-484B-4EEF-9D78-61A066CC80CF}.Debug|x86.ActiveCfg = Debug|x86
		{944CC81C-484B-4EEF-9D78-61A066CC80CF}.Debug|x86.Build.0 = Debug|x86
		{944CC81C-484B-4EEF-9D78-61A066CC80CF}.Release|Any CPU.ActiveCfg = Release|Any CPU
		{944CC81C-484B-4EEF-9D78-61A066CC80CF}.Release|Any CPU.Build.0 = Release|Any CPU
		{944CC81C-484B-4EEF-9D78-61A066CC80CF}.Release|x86.ActiveCfg = Release|x86
		{944CC81C-484B-4EEF-9D78-61A066CC80CF}.Release|x86.Build.0 = Release|x86
		{7DB5D07F-6749-4504-B256-CF1324A7B1F4}.Debug|Any CPU.ActiveCfg = Debug|Any CPU
		{7DB5D07F-6749-4504-B256-CF1324A7B1F4}.Debug|Any CPU.Build.0 = Debug|Any CPU
		{7DB5D07F-6749-4504-B256-CF1324A7B1F4}.Debug|x86.ActiveCfg = Debug|x86
		{7DB5D07F-6749-4504-B256-CF1324A7B1F4}.Debug|x86.Build.0 = Debug|x86
		{7DB5D07F-6749-4504-B256-CF1324A7B1F4}.Release|Any CPU.ActiveCfg = Release|Any CPU
		{7DB5D07F-6749-4504-B256-CF1324A7B1F4}.Release|Any CPU.Build.0 = Release|Any CPU
		{7DB5D07F-6749-4504-B256-CF1324A7B1F4}.Release|x86.ActiveCfg = Release|x86
		{7DB5D07F-6749-4504-B256-CF1324A7B1F4}.Release|x86.Build.0 = Release|x86
		{51EC7C1C-2F17-4B9F-B250-20CFC4054607}.Debug|Any CPU.ActiveCfg = Debug|Any CPU
		{51EC7C1C-2F17-4B9F-B250-20CFC4054607}.Debug|Any CPU.Build.0 = Debug|Any CPU
		{51EC7C1C-2F17-4B9F-B250-20CFC4054607}.Debug|x86.ActiveCfg = Debug|x86
		{51EC7C1C-2F17-4B9F-B250-20CFC4054607}.Debug|x86.Build.0 = Debug|x86
		{51EC7C1C-2F17-4B9F-B250-20CFC4054607}.Release|Any CPU.ActiveCfg = Release|Any CPU
		{51EC7C1C-2F17-4B9F-B250-20CFC4054607}.Release|Any CPU.Build.0 = Release|Any CPU
		{51EC7C1C-2F17-4B9F-B250-20CFC4054607}.Release|x86.ActiveCfg = Release|x86
		{51EC7C1C-2F17-4B9F-B250-20CFC4054607}.Release|x86.Build.0 = Release|x86
		{3D71C8A8-1E26-4B1B-9F97-A9C33B0689C9}.Debug|Any CPU.ActiveCfg = Debug|Any CPU
		{3D71C8A8-1E26-4B1B-9F97-A9C33B0689C9}.Debug|Any CPU.Build.0 = Debug|Any CPU
		{3D71C8A8-1E26-4B1B-9F97-A9C33B0689C9}.Debug|x86.ActiveCfg = Debug|x86
		{3D71C8A8-1E26-4B1B-9F97-A9C33B0689C9}.Debug|x86.Build.0 = Debug|x86
		{3D71C8A8-1E26-4B1B-9F97-A9C33B0689C9}.Release|Any CPU.ActiveCfg = Release|Any CPU
		{3D71C8A8-1E26-4B1B-9F97-A9C33B0689C9}.Release|Any CPU.Build.0 = Release|Any CPU
		{3D71C8A8-1E26-4B1B-9F97-A9C33B0689C9}.Release|x86.ActiveCfg = Release|x86
		{3D71C8A8-1E26-4B1B-9F97-A9C33B0689C9}.Release|x86.Build.0 = Release|x86
		{13B499FC-C325-4DF3-9FBB-06A56781F1E0}.Debug|Any CPU.ActiveCfg = Debug|Any CPU
		{13B499FC-C325-4DF3-9FBB-06A56781F1E0}.Debug|Any CPU.Build.0 = Debug|Any CPU
		{13B499FC-C325-4DF3-9FBB-06A56781F1E0}.Debug|x86.ActiveCfg = Debug|x86
		{13B499FC-C325-4DF3-9FBB-06A56781F1E0}.Debug|x86.Build.0 = Debug|x86
		{13B499FC-C325-4DF3-9FBB-06A56781F1E0}.Release|Any CPU.ActiveCfg = Release|Any CPU
		{13B499FC-C325-4DF3-9FBB-06A56781F1E0}.Release|Any CPU.Build.0 = Release|Any CPU
		{13B499FC-C325-4DF3-9FBB-06A56781F1E0}.Release|x86.ActiveCfg = Release|x86
		{13B499FC-C325-4DF3-9FBB-06A56781F1E0}.Release|x86.Build.0 = Release|x86
		{7206B81E-CF8C-437A-9219-C3DBD903EF9E}.Debug|Any CPU.ActiveCfg = Debug|Any CPU
		{7206B81E-CF8C-437A-9219-C3DBD903EF9E}.Debug|Any CPU.Build.0 = Debug|Any CPU
		{7206B81E-CF8C-437A-9219-C3DBD903EF9E}.Debug|x86.ActiveCfg = Debug|x86
		{7206B81E-CF8C-437A-9219-C3DBD903EF9E}.Debug|x86.Build.0 = Debug|x86
		{7206B81E-CF8C-437A-9219-C3DBD903EF9E}.Release|Any CPU.ActiveCfg = Release|Any CPU
		{7206B81E-CF8C-437A-9219-C3DBD903EF9E}.Release|Any CPU.Build.0 = Release|Any CPU
		{7206B81E-CF8C-437A-9219-C3DBD903EF9E}.Release|x86.ActiveCfg = Release|x86
		{7206B81E-CF8C-437A-9219-C3DBD903EF9E}.Release|x86.Build.0 = Release|x86
		{C2F43C9D-0E32-44FB-B5B0-C95B8770155F}.Debug|Any CPU.ActiveCfg = Debug|Any CPU
		{C2F43C9D-0E32-44FB-B5B0-C95B8770155F}.Debug|Any CPU.Build.0 = Debug|Any CPU
		{C2F43C9D-0E32-44FB-B5B0-C95B8770155F}.Debug|x86.ActiveCfg = Debug|x86
		{C2F43C9D-0E32-44FB-B5B0-C95B8770155F}.Debug|x86.Build.0 = Debug|x86
		{C2F43C9D-0E32-44FB-B5B0-C95B8770155F}.Release|Any CPU.ActiveCfg = Release|Any CPU
		{C2F43C9D-0E32-44FB-B5B0-C95B8770155F}.Release|Any CPU.Build.0 = Release|Any CPU
		{C2F43C9D-0E32-44FB-B5B0-C95B8770155F}.Release|x86.ActiveCfg = Release|x86
		{C2F43C9D-0E32-44FB-B5B0-C95B8770155F}.Release|x86.Build.0 = Release|x86
		{3AE25223-B208-4A68-8C7C-808CCE44324D}.Debug|Any CPU.ActiveCfg = Debug|Any CPU
		{3AE25223-B208-4A68-8C7C-808CCE44324D}.Debug|Any CPU.Build.0 = Debug|Any CPU
		{3AE25223-B208-4A68-8C7C-808CCE44324D}.Debug|x86.ActiveCfg = Debug|x86
		{3AE25223-B208-4A68-8C7C-808CCE44324D}.Debug|x86.Build.0 = Debug|x86
		{3AE25223-B208-4A68-8C7C-808CCE44324D}.Release|Any CPU.ActiveCfg = Release|Any CPU
		{3AE25223-B208-4A68-8C7C-808CCE44324D}.Release|Any CPU.Build.0 = Release|Any CPU
		{3AE25223-B208-4A68-8C7C-808CCE44324D}.Release|x86.ActiveCfg = Release|x86
		{3AE25223-B208-4A68-8C7C-808CCE44324D}.Release|x86.Build.0 = Release|x86
		{C09CF392-3FC9-4FE9-B232-0426766B724D}.Debug|Any CPU.ActiveCfg = Debug|Any CPU
		{C09CF392-3FC9-4FE9-B232-0426766B724D}.Debug|Any CPU.Build.0 = Debug|Any CPU
		{C09CF392-3FC9-4FE9-B232-0426766B724D}.Debug|x86.ActiveCfg = Debug|x86
		{C09CF392-3FC9-4FE9-B232-0426766B724D}.Debug|x86.Build.0 = Debug|x86
		{C09CF392-3FC9-4FE9-B232-0426766B724D}.Release|Any CPU.ActiveCfg = Release|Any CPU
		{C09CF392-3FC9-4FE9-B232-0426766B724D}.Release|Any CPU.Build.0 = Release|Any CPU
		{C09CF392-3FC9-4FE9-B232-0426766B724D}.Release|x86.ActiveCfg = Release|x86
		{C09CF392-3FC9-4FE9-B232-0426766B724D}.Release|x86.Build.0 = Release|x86
		{5449966E-D337-42C0-9757-3A5A2EC22F5D}.Debug|Any CPU.ActiveCfg = Debug|Any CPU
		{5449966E-D337-42C0-9757-3A5A2EC22F5D}.Debug|Any CPU.Build.0 = Debug|Any CPU
		{5449966E-D337-42C0-9757-3A5A2EC22F5D}.Debug|x86.ActiveCfg = Debug|x86
		{5449966E-D337-42C0-9757-3A5A2EC22F5D}.Debug|x86.Build.0 = Debug|x86
		{5449966E-D337-42C0-9757-3A5A2EC22F5D}.Release|Any CPU.ActiveCfg = Release|Any CPU
		{5449966E-D337-42C0-9757-3A5A2EC22F5D}.Release|Any CPU.Build.0 = Release|Any CPU
		{5449966E-D337-42C0-9757-3A5A2EC22F5D}.Release|x86.ActiveCfg = Release|x86
		{5449966E-D337-42C0-9757-3A5A2EC22F5D}.Release|x86.Build.0 = Release|x86
		{3F6E1F09-6A15-4EE8-8D46-43D7EBC70E50}.Debug|Any CPU.ActiveCfg = Debug|Any CPU
		{3F6E1F09-6A15-4EE8-8D46-43D7EBC70E50}.Debug|Any CPU.Build.0 = Debug|Any CPU
		{3F6E1F09-6A15-4EE8-8D46-43D7EBC70E50}.Debug|x86.ActiveCfg = Debug|x86
		{3F6E1F09-6A15-4EE8-8D46-43D7EBC70E50}.Debug|x86.Build.0 = Debug|x86
		{3F6E1F09-6A15-4EE8-8D46-43D7EBC70E50}.Release|Any CPU.ActiveCfg = Release|Any CPU
		{3F6E1F09-6A15-4EE8-8D46-43D7EBC70E50}.Release|Any CPU.Build.0 = Release|Any CPU
		{3F6E1F09-6A15-4EE8-8D46-43D7EBC70E50}.Release|x86.ActiveCfg = Release|x86
		{3F6E1F09-6A15-4EE8-8D46-43D7EBC70E50}.Release|x86.Build.0 = Release|x86
		{FDDCE9F4-60DB-4EB9-AC95-DD0B65861997}.Debug|Any CPU.ActiveCfg = Debug|Any CPU
		{FDDCE9F4-60DB-4EB9-AC95-DD0B65861997}.Debug|Any CPU.Build.0 = Debug|Any CPU
		{FDDCE9F4-60DB-4EB9-AC95-DD0B65861997}.Debug|x86.ActiveCfg = Debug|x86
		{FDDCE9F4-60DB-4EB9-AC95-DD0B65861997}.Debug|x86.Build.0 = Debug|x86
		{FDDCE9F4-60DB-4EB9-AC95-DD0B65861997}.Release|Any CPU.ActiveCfg = Release|Any CPU
		{FDDCE9F4-60DB-4EB9-AC95-DD0B65861997}.Release|Any CPU.Build.0 = Release|Any CPU
		{FDDCE9F4-60DB-4EB9-AC95-DD0B65861997}.Release|x86.ActiveCfg = Release|x86
		{FDDCE9F4-60DB-4EB9-AC95-DD0B65861997}.Release|x86.Build.0 = Release|x86
		{7C9CC71D-E6AA-45AB-96ED-A22CCE8EB0DB}.Debug|Any CPU.ActiveCfg = Debug|Any CPU
		{7C9CC71D-E6AA-45AB-96ED-A22CCE8EB0DB}.Debug|Any CPU.Build.0 = Debug|Any CPU
		{7C9CC71D-E6AA-45AB-96ED-A22CCE8EB0DB}.Debug|x86.ActiveCfg = Debug|x86
		{7C9CC71D-E6AA-45AB-96ED-A22CCE8EB0DB}.Debug|x86.Build.0 = Debug|x86
		{7C9CC71D-E6AA-45AB-96ED-A22CCE8EB0DB}.Release|Any CPU.ActiveCfg = Release|Any CPU
		{7C9CC71D-E6AA-45AB-96ED-A22CCE8EB0DB}.Release|Any CPU.Build.0 = Release|Any CPU
		{7C9CC71D-E6AA-45AB-96ED-A22CCE8EB0DB}.Release|x86.ActiveCfg = Release|x86
		{7C9CC71D-E6AA-45AB-96ED-A22CCE8EB0DB}.Release|x86.Build.0 = Release|x86
		{C5753F09-142B-4CAF-BA6A-7E965100817C}.Debug|Any CPU.ActiveCfg = Debug|Any CPU
		{C5753F09-142B-4CAF-BA6A-7E965100817C}.Debug|Any CPU.Build.0 = Debug|Any CPU
		{C5753F09-142B-4CAF-BA6A-7E965100817C}.Debug|x86.ActiveCfg = Debug|x86
		{C5753F09-142B-4CAF-BA6A-7E965100817C}.Debug|x86.Build.0 = Debug|x86
		{C5753F09-142B-4CAF-BA6A-7E965100817C}.Release|Any CPU.ActiveCfg = Release|Any CPU
		{C5753F09-142B-4CAF-BA6A-7E965100817C}.Release|Any CPU.Build.0 = Release|Any CPU
		{C5753F09-142B-4CAF-BA6A-7E965100817C}.Release|x86.ActiveCfg = Release|x86
		{C5753F09-142B-4CAF-BA6A-7E965100817C}.Release|x86.Build.0 = Release|x86
		{790C993B-D060-43AB-AD1D-DA60600E7832}.Debug|Any CPU.ActiveCfg = Debug|Any CPU
		{790C993B-D060-43AB-AD1D-DA60600E7832}.Debug|Any CPU.Build.0 = Debug|Any CPU
		{790C993B-D060-43AB-AD1D-DA60600E7832}.Debug|x86.ActiveCfg = Debug|x86
		{790C993B-D060-43AB-AD1D-DA60600E7832}.Debug|x86.Build.0 = Debug|x86
		{790C993B-D060-43AB-AD1D-DA60600E7832}.Release|Any CPU.ActiveCfg = Release|Any CPU
		{790C993B-D060-43AB-AD1D-DA60600E7832}.Release|Any CPU.Build.0 = Release|Any CPU
		{790C993B-D060-43AB-AD1D-DA60600E7832}.Release|x86.ActiveCfg = Release|x86
		{790C993B-D060-43AB-AD1D-DA60600E7832}.Release|x86.Build.0 = Release|x86
		{49BB3C68-6428-46D8-A525-A13F4B74AE80}.Debug|Any CPU.ActiveCfg = Debug|Any CPU
		{49BB3C68-6428-46D8-A525-A13F4B74AE80}.Debug|Any CPU.Build.0 = Debug|Any CPU
		{49BB3C68-6428-46D8-A525-A13F4B74AE80}.Debug|x86.ActiveCfg = Debug|x86
		{49BB3C68-6428-46D8-A525-A13F4B74AE80}.Debug|x86.Build.0 = Debug|x86
		{49BB3C68-6428-46D8-A525-A13F4B74AE80}.Release|Any CPU.ActiveCfg = Release|Any CPU
		{49BB3C68-6428-46D8-A525-A13F4B74AE80}.Release|Any CPU.Build.0 = Release|Any CPU
		{49BB3C68-6428-46D8-A525-A13F4B74AE80}.Release|x86.ActiveCfg = Release|x86
		{49BB3C68-6428-46D8-A525-A13F4B74AE80}.Release|x86.Build.0 = Release|x86
		{C28C8001-0DD5-4848-8C53-289F015808BD}.Debug|Any CPU.ActiveCfg = Debug|Any CPU
		{C28C8001-0DD5-4848-8C53-289F015808BD}.Debug|Any CPU.Build.0 = Debug|Any CPU
		{C28C8001-0DD5-4848-8C53-289F015808BD}.Debug|x86.ActiveCfg = Debug|x86
		{C28C8001-0DD5-4848-8C53-289F015808BD}.Debug|x86.Build.0 = Debug|x86
		{C28C8001-0DD5-4848-8C53-289F015808BD}.Release|Any CPU.ActiveCfg = Release|Any CPU
		{C28C8001-0DD5-4848-8C53-289F015808BD}.Release|Any CPU.Build.0 = Release|Any CPU
		{C28C8001-0DD5-4848-8C53-289F015808BD}.Release|x86.ActiveCfg = Release|x86
		{C28C8001-0DD5-4848-8C53-289F015808BD}.Release|x86.Build.0 = Release|x86
		{204697CF-C925-4515-B149-80FEE014F6E4}.Debug|Any CPU.ActiveCfg = Debug|Any CPU
		{204697CF-C925-4515-B149-80FEE014F6E4}.Debug|Any CPU.Build.0 = Debug|Any CPU
		{204697CF-C925-4515-B149-80FEE014F6E4}.Debug|x86.ActiveCfg = Debug|x86
		{204697CF-C925-4515-B149-80FEE014F6E4}.Debug|x86.Build.0 = Debug|x86
		{204697CF-C925-4515-B149-80FEE014F6E4}.Release|Any CPU.ActiveCfg = Release|Any CPU
		{204697CF-C925-4515-B149-80FEE014F6E4}.Release|Any CPU.Build.0 = Release|Any CPU
		{204697CF-C925-4515-B149-80FEE014F6E4}.Release|x86.ActiveCfg = Release|x86
		{204697CF-C925-4515-B149-80FEE014F6E4}.Release|x86.Build.0 = Release|x86
		{6F0DD331-27A5-4977-8497-2D5476B10A9A}.Debug|Any CPU.ActiveCfg = Debug|Any CPU
		{6F0DD331-27A5-4977-8497-2D5476B10A9A}.Debug|Any CPU.Build.0 = Debug|Any CPU
		{6F0DD331-27A5-4977-8497-2D5476B10A9A}.Debug|x86.ActiveCfg = Debug|x86
		{6F0DD331-27A5-4977-8497-2D5476B10A9A}.Debug|x86.Build.0 = Debug|x86
		{6F0DD331-27A5-4977-8497-2D5476B10A9A}.Release|Any CPU.ActiveCfg = Release|Any CPU
		{6F0DD331-27A5-4977-8497-2D5476B10A9A}.Release|Any CPU.Build.0 = Release|Any CPU
		{6F0DD331-27A5-4977-8497-2D5476B10A9A}.Release|x86.ActiveCfg = Release|x86
		{6F0DD331-27A5-4977-8497-2D5476B10A9A}.Release|x86.Build.0 = Release|x86
		{8E47C94A-0E63-4E51-A88E-C3FE6AD244C2}.Debug|Any CPU.ActiveCfg = Debug|Any CPU
		{8E47C94A-0E63-4E51-A88E-C3FE6AD244C2}.Debug|Any CPU.Build.0 = Debug|Any CPU
		{8E47C94A-0E63-4E51-A88E-C3FE6AD244C2}.Debug|x86.ActiveCfg = Debug|x86
		{8E47C94A-0E63-4E51-A88E-C3FE6AD244C2}.Debug|x86.Build.0 = Debug|x86
		{8E47C94A-0E63-4E51-A88E-C3FE6AD244C2}.Release|Any CPU.ActiveCfg = Release|Any CPU
		{8E47C94A-0E63-4E51-A88E-C3FE6AD244C2}.Release|Any CPU.Build.0 = Release|Any CPU
		{8E47C94A-0E63-4E51-A88E-C3FE6AD244C2}.Release|x86.ActiveCfg = Release|x86
		{8E47C94A-0E63-4E51-A88E-C3FE6AD244C2}.Release|x86.Build.0 = Release|x86
		{123E1807-FFFD-4B00-9854-B041A4802383}.Debug|Any CPU.ActiveCfg = Debug|Any CPU
		{123E1807-FFFD-4B00-9854-B041A4802383}.Debug|Any CPU.Build.0 = Debug|Any CPU
		{123E1807-FFFD-4B00-9854-B041A4802383}.Debug|x86.ActiveCfg = Debug|x86
		{123E1807-FFFD-4B00-9854-B041A4802383}.Debug|x86.Build.0 = Debug|x86
		{123E1807-FFFD-4B00-9854-B041A4802383}.Release|Any CPU.ActiveCfg = Release|Any CPU
		{123E1807-FFFD-4B00-9854-B041A4802383}.Release|Any CPU.Build.0 = Release|Any CPU
		{123E1807-FFFD-4B00-9854-B041A4802383}.Release|x86.ActiveCfg = Release|x86
		{123E1807-FFFD-4B00-9854-B041A4802383}.Release|x86.Build.0 = Release|x86
		{AC58AB63-54E9-49C6-B975-7A37DD0FDAC5}.Debug|Any CPU.ActiveCfg = Debug|Any CPU
		{AC58AB63-54E9-49C6-B975-7A37DD0FDAC5}.Debug|Any CPU.Build.0 = Debug|Any CPU
		{AC58AB63-54E9-49C6-B975-7A37DD0FDAC5}.Debug|x86.ActiveCfg = Debug|x86
		{AC58AB63-54E9-49C6-B975-7A37DD0FDAC5}.Debug|x86.Build.0 = Debug|x86
		{AC58AB63-54E9-49C6-B975-7A37DD0FDAC5}.Release|Any CPU.ActiveCfg = Release|Any CPU
		{AC58AB63-54E9-49C6-B975-7A37DD0FDAC5}.Release|Any CPU.Build.0 = Release|Any CPU
		{AC58AB63-54E9-49C6-B975-7A37DD0FDAC5}.Release|x86.ActiveCfg = Release|x86
		{AC58AB63-54E9-49C6-B975-7A37DD0FDAC5}.Release|x86.Build.0 = Release|x86
		{891EA843-45A8-4721-ADCE-FC66C1C7E233}.Debug|Any CPU.ActiveCfg = Debug|Any CPU
		{891EA843-45A8-4721-ADCE-FC66C1C7E233}.Debug|Any CPU.Build.0 = Debug|Any CPU
		{891EA843-45A8-4721-ADCE-FC66C1C7E233}.Debug|x86.ActiveCfg = Debug|x86
		{891EA843-45A8-4721-ADCE-FC66C1C7E233}.Debug|x86.Build.0 = Debug|x86
		{891EA843-45A8-4721-ADCE-FC66C1C7E233}.Release|Any CPU.ActiveCfg = Release|Any CPU
		{891EA843-45A8-4721-ADCE-FC66C1C7E233}.Release|Any CPU.Build.0 = Release|Any CPU
		{891EA843-45A8-4721-ADCE-FC66C1C7E233}.Release|x86.ActiveCfg = Release|x86
		{891EA843-45A8-4721-ADCE-FC66C1C7E233}.Release|x86.Build.0 = Release|x86
		{1AD3EB3C-ADA0-4356-B00A-5E69FF1B9847}.Debug|Any CPU.ActiveCfg = Debug|Any CPU
		{1AD3EB3C-ADA0-4356-B00A-5E69FF1B9847}.Debug|Any CPU.Build.0 = Debug|Any CPU
		{1AD3EB3C-ADA0-4356-B00A-5E69FF1B9847}.Debug|x86.ActiveCfg = Debug|x86
		{1AD3EB3C-ADA0-4356-B00A-5E69FF1B9847}.Debug|x86.Build.0 = Debug|x86
		{1AD3EB3C-ADA0-4356-B00A-5E69FF1B9847}.Release|Any CPU.ActiveCfg = Release|Any CPU
		{1AD3EB3C-ADA0-4356-B00A-5E69FF1B9847}.Release|Any CPU.Build.0 = Release|Any CPU
		{1AD3EB3C-ADA0-4356-B00A-5E69FF1B9847}.Release|x86.ActiveCfg = Release|x86
		{1AD3EB3C-ADA0-4356-B00A-5E69FF1B9847}.Release|x86.Build.0 = Release|x86
		{A0143A82-F4AC-445C-BE31-C814E30E5B8A}.Debug|Any CPU.ActiveCfg = Debug|Any CPU
		{A0143A82-F4AC-445C-BE31-C814E30E5B8A}.Debug|Any CPU.Build.0 = Debug|Any CPU
		{A0143A82-F4AC-445C-BE31-C814E30E5B8A}.Debug|x86.ActiveCfg = Debug|x86
		{A0143A82-F4AC-445C-BE31-C814E30E5B8A}.Debug|x86.Build.0 = Debug|x86
		{A0143A82-F4AC-445C-BE31-C814E30E5B8A}.Release|Any CPU.ActiveCfg = Release|Any CPU
		{A0143A82-F4AC-445C-BE31-C814E30E5B8A}.Release|Any CPU.Build.0 = Release|Any CPU
		{A0143A82-F4AC-445C-BE31-C814E30E5B8A}.Release|x86.ActiveCfg = Release|x86
		{A0143A82-F4AC-445C-BE31-C814E30E5B8A}.Release|x86.Build.0 = Release|x86
		{18F5D98C-CAF9-4B84-9D9B-3D78DD7302AD}.Debug|Any CPU.ActiveCfg = Debug|Any CPU
		{18F5D98C-CAF9-4B84-9D9B-3D78DD7302AD}.Debug|Any CPU.Build.0 = Debug|Any CPU
		{18F5D98C-CAF9-4B84-9D9B-3D78DD7302AD}.Debug|x86.ActiveCfg = Debug|x86
		{18F5D98C-CAF9-4B84-9D9B-3D78DD7302AD}.Debug|x86.Build.0 = Debug|x86
		{18F5D98C-CAF9-4B84-9D9B-3D78DD7302AD}.Release|Any CPU.ActiveCfg = Release|Any CPU
		{18F5D98C-CAF9-4B84-9D9B-3D78DD7302AD}.Release|Any CPU.Build.0 = Release|Any CPU
		{18F5D98C-CAF9-4B84-9D9B-3D78DD7302AD}.Release|x86.ActiveCfg = Release|x86
		{18F5D98C-CAF9-4B84-9D9B-3D78DD7302AD}.Release|x86.Build.0 = Release|x86
		{76BFDB16-D4D5-4427-BF29-3249EDA2C3D5}.Debug|Any CPU.ActiveCfg = Debug|Any CPU
		{76BFDB16-D4D5-4427-BF29-3249EDA2C3D5}.Debug|Any CPU.Build.0 = Debug|Any CPU
		{76BFDB16-D4D5-4427-BF29-3249EDA2C3D5}.Debug|x86.ActiveCfg = Debug|x86
		{76BFDB16-D4D5-4427-BF29-3249EDA2C3D5}.Debug|x86.Build.0 = Debug|x86
		{76BFDB16-D4D5-4427-BF29-3249EDA2C3D5}.Release|Any CPU.ActiveCfg = Release|Any CPU
		{76BFDB16-D4D5-4427-BF29-3249EDA2C3D5}.Release|Any CPU.Build.0 = Release|Any CPU
		{76BFDB16-D4D5-4427-BF29-3249EDA2C3D5}.Release|x86.ActiveCfg = Release|x86
		{76BFDB16-D4D5-4427-BF29-3249EDA2C3D5}.Release|x86.Build.0 = Release|x86
		{9933FBAA-A261-4909-8543-54E876112B4A}.Debug|Any CPU.ActiveCfg = Debug|Any CPU
		{9933FBAA-A261-4909-8543-54E876112B4A}.Debug|Any CPU.Build.0 = Debug|Any CPU
		{9933FBAA-A261-4909-8543-54E876112B4A}.Debug|x86.ActiveCfg = Debug|x86
		{9933FBAA-A261-4909-8543-54E876112B4A}.Debug|x86.Build.0 = Debug|x86
		{9933FBAA-A261-4909-8543-54E876112B4A}.Release|Any CPU.ActiveCfg = Release|Any CPU
		{9933FBAA-A261-4909-8543-54E876112B4A}.Release|Any CPU.Build.0 = Release|Any CPU
		{9933FBAA-A261-4909-8543-54E876112B4A}.Release|x86.ActiveCfg = Release|x86
		{9933FBAA-A261-4909-8543-54E876112B4A}.Release|x86.Build.0 = Release|x86
		{256C85DB-172E-4F4B-8987-71591DC2BC48}.Debug|Any CPU.ActiveCfg = Debug|Any CPU
		{256C85DB-172E-4F4B-8987-71591DC2BC48}.Debug|Any CPU.Build.0 = Debug|Any CPU
		{256C85DB-172E-4F4B-8987-71591DC2BC48}.Debug|x86.ActiveCfg = Debug|x86
		{256C85DB-172E-4F4B-8987-71591DC2BC48}.Debug|x86.Build.0 = Debug|x86
		{256C85DB-172E-4F4B-8987-71591DC2BC48}.Release|Any CPU.ActiveCfg = Release|Any CPU
		{256C85DB-172E-4F4B-8987-71591DC2BC48}.Release|Any CPU.Build.0 = Release|Any CPU
		{256C85DB-172E-4F4B-8987-71591DC2BC48}.Release|x86.ActiveCfg = Release|x86
		{256C85DB-172E-4F4B-8987-71591DC2BC48}.Release|x86.Build.0 = Release|x86
		{20A85B31-5AB9-4486-9589-8991C2E184C4}.Debug|Any CPU.ActiveCfg = Debug|Any CPU
		{20A85B31-5AB9-4486-9589-8991C2E184C4}.Debug|Any CPU.Build.0 = Debug|Any CPU
		{20A85B31-5AB9-4486-9589-8991C2E184C4}.Debug|x86.ActiveCfg = Debug|x86
		{20A85B31-5AB9-4486-9589-8991C2E184C4}.Debug|x86.Build.0 = Debug|x86
		{20A85B31-5AB9-4486-9589-8991C2E184C4}.Release|Any CPU.ActiveCfg = Release|Any CPU
		{20A85B31-5AB9-4486-9589-8991C2E184C4}.Release|Any CPU.Build.0 = Release|Any CPU
		{20A85B31-5AB9-4486-9589-8991C2E184C4}.Release|x86.ActiveCfg = Release|x86
		{20A85B31-5AB9-4486-9589-8991C2E184C4}.Release|x86.Build.0 = Release|x86
		{2484B8DE-6718-4857-83B6-2BE719EECDB3}.Debug|Any CPU.ActiveCfg = Debug|Any CPU
		{2484B8DE-6718-4857-83B6-2BE719EECDB3}.Debug|Any CPU.Build.0 = Debug|Any CPU
		{2484B8DE-6718-4857-83B6-2BE719EECDB3}.Debug|x86.ActiveCfg = Debug|x86
		{2484B8DE-6718-4857-83B6-2BE719EECDB3}.Debug|x86.Build.0 = Debug|x86
		{2484B8DE-6718-4857-83B6-2BE719EECDB3}.Release|Any CPU.ActiveCfg = Release|Any CPU
		{2484B8DE-6718-4857-83B6-2BE719EECDB3}.Release|Any CPU.Build.0 = Release|Any CPU
		{2484B8DE-6718-4857-83B6-2BE719EECDB3}.Release|x86.ActiveCfg = Release|x86
		{2484B8DE-6718-4857-83B6-2BE719EECDB3}.Release|x86.Build.0 = Release|x86
		{D8E17FE8-F2E9-4938-993C-107760AB04AB}.Debug|Any CPU.ActiveCfg = Debug|Any CPU
		{D8E17FE8-F2E9-4938-993C-107760AB04AB}.Debug|Any CPU.Build.0 = Debug|Any CPU
		{D8E17FE8-F2E9-4938-993C-107760AB04AB}.Debug|x86.ActiveCfg = Debug|x86
		{D8E17FE8-F2E9-4938-993C-107760AB04AB}.Debug|x86.Build.0 = Debug|x86
		{D8E17FE8-F2E9-4938-993C-107760AB04AB}.Release|Any CPU.ActiveCfg = Release|Any CPU
		{D8E17FE8-F2E9-4938-993C-107760AB04AB}.Release|Any CPU.Build.0 = Release|Any CPU
		{D8E17FE8-F2E9-4938-993C-107760AB04AB}.Release|x86.ActiveCfg = Release|x86
		{D8E17FE8-F2E9-4938-993C-107760AB04AB}.Release|x86.Build.0 = Release|x86
		{C4ED3A31-7CEC-4E99-862F-4144402A4C29}.Debug|Any CPU.ActiveCfg = Debug|Any CPU
		{C4ED3A31-7CEC-4E99-862F-4144402A4C29}.Debug|Any CPU.Build.0 = Debug|Any CPU
		{C4ED3A31-7CEC-4E99-862F-4144402A4C29}.Debug|x86.ActiveCfg = Debug|x86
		{C4ED3A31-7CEC-4E99-862F-4144402A4C29}.Debug|x86.Build.0 = Debug|x86
		{C4ED3A31-7CEC-4E99-862F-4144402A4C29}.Release|Any CPU.ActiveCfg = Release|Any CPU
		{C4ED3A31-7CEC-4E99-862F-4144402A4C29}.Release|Any CPU.Build.0 = Release|Any CPU
		{C4ED3A31-7CEC-4E99-862F-4144402A4C29}.Release|x86.ActiveCfg = Release|x86
		{C4ED3A31-7CEC-4E99-862F-4144402A4C29}.Release|x86.Build.0 = Release|x86
		{5549C666-47C6-4D09-9EF0-789552CCE9CF}.Debug|Any CPU.ActiveCfg = Debug|Any CPU
		{5549C666-47C6-4D09-9EF0-789552CCE9CF}.Debug|Any CPU.Build.0 = Debug|Any CPU
		{5549C666-47C6-4D09-9EF0-789552CCE9CF}.Debug|x86.ActiveCfg = Debug|x86
		{5549C666-47C6-4D09-9EF0-789552CCE9CF}.Debug|x86.Build.0 = Debug|x86
		{5549C666-47C6-4D09-9EF0-789552CCE9CF}.Release|Any CPU.ActiveCfg = Release|Any CPU
		{5549C666-47C6-4D09-9EF0-789552CCE9CF}.Release|Any CPU.Build.0 = Release|Any CPU
		{5549C666-47C6-4D09-9EF0-789552CCE9CF}.Release|x86.ActiveCfg = Release|x86
		{5549C666-47C6-4D09-9EF0-789552CCE9CF}.Release|x86.Build.0 = Release|x86
		{FDBF77D2-9E21-4A7F-908E-11CA56DF1F48}.Debug|Any CPU.ActiveCfg = Debug|Any CPU
		{FDBF77D2-9E21-4A7F-908E-11CA56DF1F48}.Debug|Any CPU.Build.0 = Debug|Any CPU
		{FDBF77D2-9E21-4A7F-908E-11CA56DF1F48}.Debug|x86.ActiveCfg = Debug|x86
		{FDBF77D2-9E21-4A7F-908E-11CA56DF1F48}.Debug|x86.Build.0 = Debug|x86
		{FDBF77D2-9E21-4A7F-908E-11CA56DF1F48}.Release|Any CPU.ActiveCfg = Release|Any CPU
		{FDBF77D2-9E21-4A7F-908E-11CA56DF1F48}.Release|Any CPU.Build.0 = Release|Any CPU
		{FDBF77D2-9E21-4A7F-908E-11CA56DF1F48}.Release|x86.ActiveCfg = Release|x86
		{FDBF77D2-9E21-4A7F-908E-11CA56DF1F48}.Release|x86.Build.0 = Release|x86
		{521774EA-56E6-45CE-8B5D-866FFA8724C7}.Debug|Any CPU.ActiveCfg = Debug|Any CPU
		{521774EA-56E6-45CE-8B5D-866FFA8724C7}.Debug|Any CPU.Build.0 = Debug|Any CPU
		{521774EA-56E6-45CE-8B5D-866FFA8724C7}.Debug|x86.ActiveCfg = Debug|x86
		{521774EA-56E6-45CE-8B5D-866FFA8724C7}.Debug|x86.Build.0 = Debug|x86
		{521774EA-56E6-45CE-8B5D-866FFA8724C7}.Release|Any CPU.ActiveCfg = Release|Any CPU
		{521774EA-56E6-45CE-8B5D-866FFA8724C7}.Release|Any CPU.Build.0 = Release|Any CPU
		{521774EA-56E6-45CE-8B5D-866FFA8724C7}.Release|x86.ActiveCfg = Release|x86
		{521774EA-56E6-45CE-8B5D-866FFA8724C7}.Release|x86.Build.0 = Release|x86
		{76171670-92AD-40DC-BE4D-22582F50ACB3}.Debug|Any CPU.ActiveCfg = Debug|Any CPU
		{76171670-92AD-40DC-BE4D-22582F50ACB3}.Debug|Any CPU.Build.0 = Debug|Any CPU
		{76171670-92AD-40DC-BE4D-22582F50ACB3}.Debug|x86.ActiveCfg = Debug|x86
		{76171670-92AD-40DC-BE4D-22582F50ACB3}.Debug|x86.Build.0 = Debug|x86
		{76171670-92AD-40DC-BE4D-22582F50ACB3}.Release|Any CPU.ActiveCfg = Release|Any CPU
		{76171670-92AD-40DC-BE4D-22582F50ACB3}.Release|Any CPU.Build.0 = Release|Any CPU
		{76171670-92AD-40DC-BE4D-22582F50ACB3}.Release|x86.ActiveCfg = Release|x86
		{76171670-92AD-40DC-BE4D-22582F50ACB3}.Release|x86.Build.0 = Release|x86
		{7615E8D3-C4B2-4A15-8265-FAB411137C30}.Debug|Any CPU.ActiveCfg = Debug|Any CPU
		{7615E8D3-C4B2-4A15-8265-FAB411137C30}.Debug|Any CPU.Build.0 = Debug|Any CPU
		{7615E8D3-C4B2-4A15-8265-FAB411137C30}.Debug|x86.ActiveCfg = Debug|x86
		{7615E8D3-C4B2-4A15-8265-FAB411137C30}.Debug|x86.Build.0 = Debug|x86
		{7615E8D3-C4B2-4A15-8265-FAB411137C30}.Release|Any CPU.ActiveCfg = Release|Any CPU
		{7615E8D3-C4B2-4A15-8265-FAB411137C30}.Release|Any CPU.Build.0 = Release|Any CPU
		{7615E8D3-C4B2-4A15-8265-FAB411137C30}.Release|x86.ActiveCfg = Release|x86
		{7615E8D3-C4B2-4A15-8265-FAB411137C30}.Release|x86.Build.0 = Release|x86
		{6376ABA1-2020-43FF-AD77-81CEE094DF35}.Debug|Any CPU.ActiveCfg = Debug|Any CPU
		{6376ABA1-2020-43FF-AD77-81CEE094DF35}.Debug|Any CPU.Build.0 = Debug|Any CPU
		{6376ABA1-2020-43FF-AD77-81CEE094DF35}.Debug|x86.ActiveCfg = Debug|x86
		{6376ABA1-2020-43FF-AD77-81CEE094DF35}.Debug|x86.Build.0 = Debug|x86
		{6376ABA1-2020-43FF-AD77-81CEE094DF35}.Release|Any CPU.ActiveCfg = Release|Any CPU
		{6376ABA1-2020-43FF-AD77-81CEE094DF35}.Release|Any CPU.Build.0 = Release|Any CPU
		{6376ABA1-2020-43FF-AD77-81CEE094DF35}.Release|x86.ActiveCfg = Release|x86
		{6376ABA1-2020-43FF-AD77-81CEE094DF35}.Release|x86.Build.0 = Release|x86
		{54CB8F75-A17E-4CEA-B3E7-9CD1160AE234}.Debug|Any CPU.ActiveCfg = Debug|Any CPU
		{54CB8F75-A17E-4CEA-B3E7-9CD1160AE234}.Debug|Any CPU.Build.0 = Debug|Any CPU
		{54CB8F75-A17E-4CEA-B3E7-9CD1160AE234}.Debug|x86.ActiveCfg = Debug|x86
		{54CB8F75-A17E-4CEA-B3E7-9CD1160AE234}.Debug|x86.Build.0 = Debug|x86
		{54CB8F75-A17E-4CEA-B3E7-9CD1160AE234}.Release|Any CPU.ActiveCfg = Release|Any CPU
		{54CB8F75-A17E-4CEA-B3E7-9CD1160AE234}.Release|Any CPU.Build.0 = Release|Any CPU
		{54CB8F75-A17E-4CEA-B3E7-9CD1160AE234}.Release|x86.ActiveCfg = Release|x86
		{54CB8F75-A17E-4CEA-B3E7-9CD1160AE234}.Release|x86.Build.0 = Release|x86
		{1964CDF2-E83F-4B26-BB1D-74D8248F7248}.Debug|Any CPU.ActiveCfg = Debug|Any CPU
		{1964CDF2-E83F-4B26-BB1D-74D8248F7248}.Debug|Any CPU.Build.0 = Debug|Any CPU
		{1964CDF2-E83F-4B26-BB1D-74D8248F7248}.Debug|x86.ActiveCfg = Debug|x86
		{1964CDF2-E83F-4B26-BB1D-74D8248F7248}.Debug|x86.Build.0 = Debug|x86
		{1964CDF2-E83F-4B26-BB1D-74D8248F7248}.Release|Any CPU.ActiveCfg = Release|Any CPU
		{1964CDF2-E83F-4B26-BB1D-74D8248F7248}.Release|Any CPU.Build.0 = Release|Any CPU
		{1964CDF2-E83F-4B26-BB1D-74D8248F7248}.Release|x86.ActiveCfg = Release|x86
		{1964CDF2-E83F-4B26-BB1D-74D8248F7248}.Release|x86.Build.0 = Release|x86
		{1C1A9FB9-FE84-4C6E-BEA2-F5A7E800F445}.Debug|Any CPU.ActiveCfg = Debug|Any CPU
		{1C1A9FB9-FE84-4C6E-BEA2-F5A7E800F445}.Debug|Any CPU.Build.0 = Debug|Any CPU
		{1C1A9FB9-FE84-4C6E-BEA2-F5A7E800F445}.Debug|x86.ActiveCfg = Debug|x86
		{1C1A9FB9-FE84-4C6E-BEA2-F5A7E800F445}.Debug|x86.Build.0 = Debug|x86
		{1C1A9FB9-FE84-4C6E-BEA2-F5A7E800F445}.Release|Any CPU.ActiveCfg = Release|Any CPU
		{1C1A9FB9-FE84-4C6E-BEA2-F5A7E800F445}.Release|Any CPU.Build.0 = Release|Any CPU
		{1C1A9FB9-FE84-4C6E-BEA2-F5A7E800F445}.Release|x86.ActiveCfg = Release|x86
		{1C1A9FB9-FE84-4C6E-BEA2-F5A7E800F445}.Release|x86.Build.0 = Release|x86
		{65D426F6-E0B4-4464-8735-05E5FED91CFC}.Debug|Any CPU.ActiveCfg = Debug|Any CPU
		{65D426F6-E0B4-4464-8735-05E5FED91CFC}.Debug|Any CPU.Build.0 = Debug|Any CPU
		{65D426F6-E0B4-4464-8735-05E5FED91CFC}.Debug|x86.ActiveCfg = Debug|x86
		{65D426F6-E0B4-4464-8735-05E5FED91CFC}.Debug|x86.Build.0 = Debug|x86
		{65D426F6-E0B4-4464-8735-05E5FED91CFC}.Release|Any CPU.ActiveCfg = Release|Any CPU
		{65D426F6-E0B4-4464-8735-05E5FED91CFC}.Release|Any CPU.Build.0 = Release|Any CPU
		{65D426F6-E0B4-4464-8735-05E5FED91CFC}.Release|x86.ActiveCfg = Release|x86
		{65D426F6-E0B4-4464-8735-05E5FED91CFC}.Release|x86.Build.0 = Release|x86
		{66B28C8D-3BBB-4182-A225-E6EEED33DF16}.Debug|Any CPU.ActiveCfg = Debug|Any CPU
		{66B28C8D-3BBB-4182-A225-E6EEED33DF16}.Debug|Any CPU.Build.0 = Debug|Any CPU
		{66B28C8D-3BBB-4182-A225-E6EEED33DF16}.Debug|x86.ActiveCfg = Debug|x86
		{66B28C8D-3BBB-4182-A225-E6EEED33DF16}.Debug|x86.Build.0 = Debug|x86
		{66B28C8D-3BBB-4182-A225-E6EEED33DF16}.Release|Any CPU.ActiveCfg = Release|Any CPU
		{66B28C8D-3BBB-4182-A225-E6EEED33DF16}.Release|Any CPU.Build.0 = Release|Any CPU
		{66B28C8D-3BBB-4182-A225-E6EEED33DF16}.Release|x86.ActiveCfg = Release|x86
		{66B28C8D-3BBB-4182-A225-E6EEED33DF16}.Release|x86.Build.0 = Release|x86
		{0B47CAC3-8F94-4D67-9442-B73A39DA8742}.Debug|Any CPU.ActiveCfg = Debug|Any CPU
		{0B47CAC3-8F94-4D67-9442-B73A39DA8742}.Debug|Any CPU.Build.0 = Debug|Any CPU
		{0B47CAC3-8F94-4D67-9442-B73A39DA8742}.Debug|x86.ActiveCfg = Debug|x86
		{0B47CAC3-8F94-4D67-9442-B73A39DA8742}.Debug|x86.Build.0 = Debug|x86
		{0B47CAC3-8F94-4D67-9442-B73A39DA8742}.Release|Any CPU.ActiveCfg = Release|Any CPU
		{0B47CAC3-8F94-4D67-9442-B73A39DA8742}.Release|Any CPU.Build.0 = Release|Any CPU
		{0B47CAC3-8F94-4D67-9442-B73A39DA8742}.Release|x86.ActiveCfg = Release|x86
		{0B47CAC3-8F94-4D67-9442-B73A39DA8742}.Release|x86.Build.0 = Release|x86
		{0A8E917C-6C82-4AAA-8608-BC60BA26E393}.Debug|Any CPU.ActiveCfg = Debug|Any CPU
		{0A8E917C-6C82-4AAA-8608-BC60BA26E393}.Debug|Any CPU.Build.0 = Debug|Any CPU
		{0A8E917C-6C82-4AAA-8608-BC60BA26E393}.Debug|x86.ActiveCfg = Debug|x86
		{0A8E917C-6C82-4AAA-8608-BC60BA26E393}.Debug|x86.Build.0 = Debug|x86
		{0A8E917C-6C82-4AAA-8608-BC60BA26E393}.Release|Any CPU.ActiveCfg = Release|Any CPU
		{0A8E917C-6C82-4AAA-8608-BC60BA26E393}.Release|Any CPU.Build.0 = Release|Any CPU
		{0A8E917C-6C82-4AAA-8608-BC60BA26E393}.Release|x86.ActiveCfg = Release|x86
		{0A8E917C-6C82-4AAA-8608-BC60BA26E393}.Release|x86.Build.0 = Release|x86
		{AE119691-3893-4C9F-B636-8D4169618EE7}.Debug|Any CPU.ActiveCfg = Debug|Any CPU
		{AE119691-3893-4C9F-B636-8D4169618EE7}.Debug|Any CPU.Build.0 = Debug|Any CPU
		{AE119691-3893-4C9F-B636-8D4169618EE7}.Debug|x86.ActiveCfg = Debug|x86
		{AE119691-3893-4C9F-B636-8D4169618EE7}.Debug|x86.Build.0 = Debug|x86
		{AE119691-3893-4C9F-B636-8D4169618EE7}.Release|Any CPU.ActiveCfg = Release|Any CPU
		{AE119691-3893-4C9F-B636-8D4169618EE7}.Release|Any CPU.Build.0 = Release|Any CPU
		{AE119691-3893-4C9F-B636-8D4169618EE7}.Release|x86.ActiveCfg = Release|x86
		{AE119691-3893-4C9F-B636-8D4169618EE7}.Release|x86.Build.0 = Release|x86
		{0DF05E30-7403-42B6-B3B2-03614CA34630}.Debug|Any CPU.ActiveCfg = Debug|Any CPU
		{0DF05E30-7403-42B6-B3B2-03614CA34630}.Debug|Any CPU.Build.0 = Debug|Any CPU
		{0DF05E30-7403-42B6-B3B2-03614CA34630}.Debug|x86.ActiveCfg = Debug|x86
		{0DF05E30-7403-42B6-B3B2-03614CA34630}.Debug|x86.Build.0 = Debug|x86
		{0DF05E30-7403-42B6-B3B2-03614CA34630}.Release|Any CPU.ActiveCfg = Release|Any CPU
		{0DF05E30-7403-42B6-B3B2-03614CA34630}.Release|Any CPU.Build.0 = Release|Any CPU
		{0DF05E30-7403-42B6-B3B2-03614CA34630}.Release|x86.ActiveCfg = Release|x86
		{0DF05E30-7403-42B6-B3B2-03614CA34630}.Release|x86.Build.0 = Release|x86
		{17A53B9A-1358-474C-B25F-5F4FBE628F29}.Debug|Any CPU.ActiveCfg = Debug|Any CPU
		{17A53B9A-1358-474C-B25F-5F4FBE628F29}.Debug|Any CPU.Build.0 = Debug|Any CPU
		{17A53B9A-1358-474C-B25F-5F4FBE628F29}.Debug|x86.ActiveCfg = Debug|x86
		{17A53B9A-1358-474C-B25F-5F4FBE628F29}.Debug|x86.Build.0 = Debug|x86
		{17A53B9A-1358-474C-B25F-5F4FBE628F29}.Release|Any CPU.ActiveCfg = Release|Any CPU
		{17A53B9A-1358-474C-B25F-5F4FBE628F29}.Release|Any CPU.Build.0 = Release|Any CPU
		{17A53B9A-1358-474C-B25F-5F4FBE628F29}.Release|x86.ActiveCfg = Release|x86
		{17A53B9A-1358-474C-B25F-5F4FBE628F29}.Release|x86.Build.0 = Release|x86
		{05B37084-0F57-4143-A2DB-3FFCCA966096}.Debug|Any CPU.ActiveCfg = Debug|Any CPU
		{05B37084-0F57-4143-A2DB-3FFCCA966096}.Debug|Any CPU.Build.0 = Debug|Any CPU
		{05B37084-0F57-4143-A2DB-3FFCCA966096}.Debug|x86.ActiveCfg = Debug|x86
		{05B37084-0F57-4143-A2DB-3FFCCA966096}.Debug|x86.Build.0 = Debug|x86
		{05B37084-0F57-4143-A2DB-3FFCCA966096}.Release|Any CPU.ActiveCfg = Release|Any CPU
		{05B37084-0F57-4143-A2DB-3FFCCA966096}.Release|Any CPU.Build.0 = Release|Any CPU
		{05B37084-0F57-4143-A2DB-3FFCCA966096}.Release|x86.ActiveCfg = Release|x86
		{05B37084-0F57-4143-A2DB-3FFCCA966096}.Release|x86.Build.0 = Release|x86
		{C1B5222A-0783-4E7C-AC36-DC4FD9A289F7}.Debug|Any CPU.ActiveCfg = Debug|Any CPU
		{C1B5222A-0783-4E7C-AC36-DC4FD9A289F7}.Debug|Any CPU.Build.0 = Debug|Any CPU
		{C1B5222A-0783-4E7C-AC36-DC4FD9A289F7}.Debug|x86.ActiveCfg = Debug|x86
		{C1B5222A-0783-4E7C-AC36-DC4FD9A289F7}.Debug|x86.Build.0 = Debug|x86
		{C1B5222A-0783-4E7C-AC36-DC4FD9A289F7}.Release|Any CPU.ActiveCfg = Release|Any CPU
		{C1B5222A-0783-4E7C-AC36-DC4FD9A289F7}.Release|Any CPU.Build.0 = Release|Any CPU
		{C1B5222A-0783-4E7C-AC36-DC4FD9A289F7}.Release|x86.ActiveCfg = Release|x86
		{C1B5222A-0783-4E7C-AC36-DC4FD9A289F7}.Release|x86.Build.0 = Release|x86
		{C80D00E7-E818-49EF-9607-C1D3FC5836A7}.Debug|Any CPU.ActiveCfg = Debug|Any CPU
		{C80D00E7-E818-49EF-9607-C1D3FC5836A7}.Debug|Any CPU.Build.0 = Debug|Any CPU
		{C80D00E7-E818-49EF-9607-C1D3FC5836A7}.Debug|x86.ActiveCfg = Debug|x86
		{C80D00E7-E818-49EF-9607-C1D3FC5836A7}.Debug|x86.Build.0 = Debug|x86
		{C80D00E7-E818-49EF-9607-C1D3FC5836A7}.Release|Any CPU.ActiveCfg = Release|Any CPU
		{C80D00E7-E818-49EF-9607-C1D3FC5836A7}.Release|Any CPU.Build.0 = Release|Any CPU
		{C80D00E7-E818-49EF-9607-C1D3FC5836A7}.Release|x86.ActiveCfg = Release|x86
		{C80D00E7-E818-49EF-9607-C1D3FC5836A7}.Release|x86.Build.0 = Release|x86
		{8AB8418E-BD01-46F9-885F-6DF5373E147B}.Debug|Any CPU.ActiveCfg = Debug|Any CPU
		{8AB8418E-BD01-46F9-885F-6DF5373E147B}.Debug|Any CPU.Build.0 = Debug|Any CPU
		{8AB8418E-BD01-46F9-885F-6DF5373E147B}.Debug|x86.ActiveCfg = Debug|x86
		{8AB8418E-BD01-46F9-885F-6DF5373E147B}.Debug|x86.Build.0 = Debug|x86
		{8AB8418E-BD01-46F9-885F-6DF5373E147B}.Release|Any CPU.ActiveCfg = Release|Any CPU
		{8AB8418E-BD01-46F9-885F-6DF5373E147B}.Release|Any CPU.Build.0 = Release|Any CPU
		{8AB8418E-BD01-46F9-885F-6DF5373E147B}.Release|x86.ActiveCfg = Release|x86
		{8AB8418E-BD01-46F9-885F-6DF5373E147B}.Release|x86.Build.0 = Release|x86
		{24EDEB7E-752A-4D02-8C3C-476A35EA87F6}.Debug|Any CPU.ActiveCfg = Debug|Any CPU
		{24EDEB7E-752A-4D02-8C3C-476A35EA87F6}.Debug|Any CPU.Build.0 = Debug|Any CPU
		{24EDEB7E-752A-4D02-8C3C-476A35EA87F6}.Debug|x86.ActiveCfg = Debug|x86
		{24EDEB7E-752A-4D02-8C3C-476A35EA87F6}.Debug|x86.Build.0 = Debug|x86
		{24EDEB7E-752A-4D02-8C3C-476A35EA87F6}.Release|Any CPU.ActiveCfg = Release|Any CPU
		{24EDEB7E-752A-4D02-8C3C-476A35EA87F6}.Release|Any CPU.Build.0 = Release|Any CPU
		{24EDEB7E-752A-4D02-8C3C-476A35EA87F6}.Release|x86.ActiveCfg = Release|x86
		{24EDEB7E-752A-4D02-8C3C-476A35EA87F6}.Release|x86.Build.0 = Release|x86
		{8BB98A83-61F3-4FA2-84E9-EA0F3B469EDE}.Debug|Any CPU.ActiveCfg = Debug|Any CPU
		{8BB98A83-61F3-4FA2-84E9-EA0F3B469EDE}.Debug|Any CPU.Build.0 = Debug|Any CPU
		{8BB98A83-61F3-4FA2-84E9-EA0F3B469EDE}.Debug|x86.ActiveCfg = Debug|x86
		{8BB98A83-61F3-4FA2-84E9-EA0F3B469EDE}.Debug|x86.Build.0 = Debug|x86
		{8BB98A83-61F3-4FA2-84E9-EA0F3B469EDE}.Release|Any CPU.ActiveCfg = Release|Any CPU
		{8BB98A83-61F3-4FA2-84E9-EA0F3B469EDE}.Release|Any CPU.Build.0 = Release|Any CPU
		{8BB98A83-61F3-4FA2-84E9-EA0F3B469EDE}.Release|x86.ActiveCfg = Release|x86
		{8BB98A83-61F3-4FA2-84E9-EA0F3B469EDE}.Release|x86.Build.0 = Release|x86
		{75F5199E-6508-422C-AD59-8069F4FBD03F}.Debug|Any CPU.ActiveCfg = Debug|Any CPU
		{75F5199E-6508-422C-AD59-8069F4FBD03F}.Debug|Any CPU.Build.0 = Debug|Any CPU
		{75F5199E-6508-422C-AD59-8069F4FBD03F}.Debug|x86.ActiveCfg = Debug|x86
		{75F5199E-6508-422C-AD59-8069F4FBD03F}.Debug|x86.Build.0 = Debug|x86
		{75F5199E-6508-422C-AD59-8069F4FBD03F}.Release|Any CPU.ActiveCfg = Release|Any CPU
		{75F5199E-6508-422C-AD59-8069F4FBD03F}.Release|Any CPU.Build.0 = Release|Any CPU
		{75F5199E-6508-422C-AD59-8069F4FBD03F}.Release|x86.ActiveCfg = Release|x86
		{75F5199E-6508-422C-AD59-8069F4FBD03F}.Release|x86.Build.0 = Release|x86
		{8788D73A-0422-49CD-82E7-B5FD1282E3D8}.Debug|Any CPU.ActiveCfg = Debug|Any CPU
		{8788D73A-0422-49CD-82E7-B5FD1282E3D8}.Debug|Any CPU.Build.0 = Debug|Any CPU
		{8788D73A-0422-49CD-82E7-B5FD1282E3D8}.Debug|x86.ActiveCfg = Debug|x86
		{8788D73A-0422-49CD-82E7-B5FD1282E3D8}.Debug|x86.Build.0 = Debug|x86
		{8788D73A-0422-49CD-82E7-B5FD1282E3D8}.Release|Any CPU.ActiveCfg = Release|Any CPU
		{8788D73A-0422-49CD-82E7-B5FD1282E3D8}.Release|Any CPU.Build.0 = Release|Any CPU
		{8788D73A-0422-49CD-82E7-B5FD1282E3D8}.Release|x86.ActiveCfg = Release|x86
		{8788D73A-0422-49CD-82E7-B5FD1282E3D8}.Release|x86.Build.0 = Release|x86
		{27145E39-3721-4167-8450-121FABF99ED9}.Debug|Any CPU.ActiveCfg = Debug|Any CPU
		{27145E39-3721-4167-8450-121FABF99ED9}.Debug|Any CPU.Build.0 = Debug|Any CPU
		{27145E39-3721-4167-8450-121FABF99ED9}.Debug|x86.ActiveCfg = Debug|x86
		{27145E39-3721-4167-8450-121FABF99ED9}.Debug|x86.Build.0 = Debug|x86
		{27145E39-3721-4167-8450-121FABF99ED9}.Release|Any CPU.ActiveCfg = Release|Any CPU
		{27145E39-3721-4167-8450-121FABF99ED9}.Release|Any CPU.Build.0 = Release|Any CPU
		{27145E39-3721-4167-8450-121FABF99ED9}.Release|x86.ActiveCfg = Release|x86
		{27145E39-3721-4167-8450-121FABF99ED9}.Release|x86.Build.0 = Release|x86
		{78598840-5D77-4A0C-91C0-E11B225A6238}.Debug|Any CPU.ActiveCfg = Debug|Any CPU
		{78598840-5D77-4A0C-91C0-E11B225A6238}.Debug|Any CPU.Build.0 = Debug|Any CPU
		{78598840-5D77-4A0C-91C0-E11B225A6238}.Debug|x86.ActiveCfg = Debug|x86
		{78598840-5D77-4A0C-91C0-E11B225A6238}.Debug|x86.Build.0 = Debug|x86
		{78598840-5D77-4A0C-91C0-E11B225A6238}.Release|Any CPU.ActiveCfg = Release|Any CPU
		{78598840-5D77-4A0C-91C0-E11B225A6238}.Release|Any CPU.Build.0 = Release|Any CPU
		{78598840-5D77-4A0C-91C0-E11B225A6238}.Release|x86.ActiveCfg = Release|x86
		{78598840-5D77-4A0C-91C0-E11B225A6238}.Release|x86.Build.0 = Release|x86
		{1A6853F7-8499-495B-BDF3-6C22A8BB85DF}.Debug|Any CPU.ActiveCfg = Debug|Any CPU
		{1A6853F7-8499-495B-BDF3-6C22A8BB85DF}.Debug|Any CPU.Build.0 = Debug|Any CPU
		{1A6853F7-8499-495B-BDF3-6C22A8BB85DF}.Debug|x86.ActiveCfg = Debug|x86
		{1A6853F7-8499-495B-BDF3-6C22A8BB85DF}.Debug|x86.Build.0 = Debug|x86
		{1A6853F7-8499-495B-BDF3-6C22A8BB85DF}.Release|Any CPU.ActiveCfg = Release|Any CPU
		{1A6853F7-8499-495B-BDF3-6C22A8BB85DF}.Release|Any CPU.Build.0 = Release|Any CPU
		{1A6853F7-8499-495B-BDF3-6C22A8BB85DF}.Release|x86.ActiveCfg = Release|x86
		{1A6853F7-8499-495B-BDF3-6C22A8BB85DF}.Release|x86.Build.0 = Release|x86
		{A90156FB-3652-43AD-BC46-8EF7A771553E}.Debug|Any CPU.ActiveCfg = Debug|Any CPU
		{A90156FB-3652-43AD-BC46-8EF7A771553E}.Debug|Any CPU.Build.0 = Debug|Any CPU
		{A90156FB-3652-43AD-BC46-8EF7A771553E}.Debug|x86.ActiveCfg = Debug|x86
		{A90156FB-3652-43AD-BC46-8EF7A771553E}.Debug|x86.Build.0 = Debug|x86
		{A90156FB-3652-43AD-BC46-8EF7A771553E}.Release|Any CPU.ActiveCfg = Release|Any CPU
		{A90156FB-3652-43AD-BC46-8EF7A771553E}.Release|Any CPU.Build.0 = Release|Any CPU
		{A90156FB-3652-43AD-BC46-8EF7A771553E}.Release|x86.ActiveCfg = Release|x86
		{A90156FB-3652-43AD-BC46-8EF7A771553E}.Release|x86.Build.0 = Release|x86
	EndGlobalSection
	GlobalSection(SolutionProperties) = preSolution
		HideSolutionNode = FALSE
	EndGlobalSection
EndGlobal
